
Microsoft Visual Studio Solution File, Format Version 12.00
# Visual Studio 14
VisualStudioVersion = 14.0.25420.1
MinimumVisualStudioVersion = 10.0.40219.1
Project("{8BC9CEB8-8B4A-11D0-8D11-00A0C91BC942}") = "OpenCVConfig", "OpenCVConfig\OpenCVConfig.vcxproj", "{7351CE67-8023-42AD-B53F-9CFD7E9BF36D}"
EndProject
Project("{8BC9CEB8-8B4A-11D0-8D11-00A0C91BC942}") = "图像腐蚀", "图像腐蚀\图像腐蚀.vcxproj", "{D0CC9EDE-6679-4D84-8C0E-E407A1E2FE88}"
EndProject
Global
	GlobalSection(SolutionConfigurationPlatforms) = preSolution
		Debug|x64 = Debug|x64
		Debug|x86 = Debug|x86
		Release|x64 = Release|x64
		Release|x86 = Release|x86
	EndGlobalSection
	GlobalSection(ProjectConfigurationPlatforms) = postSolution
		{7351CE67-8023-42AD-B53F-9CFD7E9BF36D}.Debug|x64.ActiveCfg = Debug|x64
		{7351CE67-8023-42AD-B53F-9CFD7E9BF36D}.Debug|x64.Build.0 = Debug|x64
		{7351CE67-8023-42AD-B53F-9CFD7E9BF36D}.Debug|x86.ActiveCfg = Debug|Win32
		{7351CE67-8023-42AD-B53F-9CFD7E9BF36D}.Debug|x86.Build.0 = Debug|Win32
		{7351CE67-8023-42AD-B53F-9CFD7E9BF36D}.Release|x64.ActiveCfg = Release|x64
		{7351CE67-8023-42AD-B53F-9CFD7E9BF36D}.Release|x64.Build.0 = Release|x64
		{7351CE67-8023-42AD-B53F-9CFD7E9BF36D}.Release|x86.ActiveCfg = Release|Win32
		{7351CE67-8023-42AD-B53F-9CFD7E9BF36D}.Release|x86.Build.0 = Release|Win32
		{D0CC9EDE-6679-4D84-8C0E-E407A1E2FE88}.Debug|x64.ActiveCfg = Debug|x64
		{D0CC9EDE-6679-4D84-8C0E-E407A1E2FE88}.Debug|x64.Build.0 = Debug|x64
		{D0CC9EDE-6679-4D84-8C0E-E407A1E2FE88}.Debug|x86.ActiveCfg = Debug|Win32
		{D0CC9EDE-6679-4D84-8C0E-E407A1E2FE88}.Debug|x86.Build.0 = Debug|Win32
		{D0CC9EDE-6679-4D84-8C0E-E407A1E2FE88}.Release|x64.ActiveCfg = Release|x64
		{D0CC9EDE-6679-4D84-8C0E-E407A1E2FE88}.Release|x64.Build.0 = Release|x64
		{D0CC9EDE-6679-4D84-8C0E-E407A1E2FE88}.Release|x86.ActiveCfg = Release|Win32
		{D0CC9EDE-6679-4D84-8C0E-E407A1E2FE88}.Release|x86.Build.0 = Release|Win32
	EndGlobalSection
	GlobalSection(SolutionProperties) = preSolution
		HideSolutionNode = FALSE
	EndGlobalSection
EndGlobal
